{
  "nodes": {
    "metronome-src": {
      "flake": false,
      "locked": {
        "lastModified": 1590849402,
        "narHash": "sha256-1mbklC1EGIAGyBEDefi4J9U0mtkFh2nqxfY/HwEXbAY=",
        "owner": "maranda",
        "repo": "metronome",
        "rev": "2ad644bac0edd49e283eac516678dfad260c280e",
        "type": "github"
      },
      "original": {
        "owner": "maranda",
        "repo": "metronome",
        "type": "github"
      }
    },
    "moulinette-src": {
      "flake": false,
      "locked": {
        "lastModified": 1592573650,
        "narHash": "sha256-DKg/X57bn6B+bxBstaA4a0LYpX2cgjhpFhMHq34tezY=",
        "owner": "YunoHost",
        "repo": "moulinette",
        "rev": "4089ffbbcf9c965a65d047b7a11e8ce8caca51a7",
        "type": "github"
      },
      "original": {
        "owner": "YunoHost",
        "ref": "buster-unstable",
        "repo": "moulinette",
        "type": "github"
      }
    },
    "nixops": {
      "inputs": {
        "nixpkgs": "nixpkgs",
        "utils": "utils"
      },
      "locked": {
        "lastModified": 1594131594,
        "narHash": "sha256-F2jR4TuWmEq+ztRyOG9TrcSh7XQ3sMHtdBn8AL1fsTo=",
        "owner": "NixOS",
        "repo": "nixops",
        "rev": "a287225018ced729d7fcf0858ed4fab2d7131c56",
        "type": "github"
      },
      "original": {
        "owner": "NixOS",
        "repo": "nixops",
        "type": "github"
      }
    },
    "nixops-libvirtd": {
      "flake": false,
      "locked": {
        "lastModified": 1591117168,
        "narHash": "sha256-hS/Wr6/Wzj1xshIiigiahF9/mHOa+I3vgf/hkQPLAig=",
        "owner": "nix-community",
        "repo": "nixops-libvirtd",
        "rev": "5672dec91395881f9e6de72806cd200b9b25f8f9",
        "type": "github"
      },
      "original": {
        "owner": "nix-community",
        "repo": "nixops-libvirtd",
        "type": "github"
      }
    },
    "nixpkgs": {
      "locked": {
        "lastModified": 1591361552,
        "narHash": "sha256-gCfAvkqAhCgFVxQF6HFuPz6o3V00zT0Xv4bFB/TT50Q=",
        "owner": "NixOS",
        "repo": "nixpkgs",
        "rev": "dcb64ea42e64aaecd8e6fef65cc86245c9666818",
        "type": "github"
      },
      "original": {
        "owner": "NixOS",
        "ref": "nixpkgs-unstable",
        "repo": "nixpkgs",
        "type": "github"
      }
    },
    "nixpkgs_2": {
      "locked": {
        "lastModified": 1594117931,
        "narHash": "sha256-x7nZvITCLJiK7miPXU6yl2zdq+MlhjHicggfvjLguFg=",
        "owner": "NixOS",
        "repo": "nixpkgs",
        "rev": "c9d124e39dbeefc53c7b3e09fbfc2c26bcbd4845",
        "type": "github"
      },
      "original": {
        "owner": "NixOS",
        "ref": "nixos-20.03",
        "repo": "nixpkgs",
        "type": "github"
      }
    },
    "root": {
      "inputs": {
        "metronome-src": "metronome-src",
        "moulinette-src": "moulinette-src",
        "nixops": "nixops",
        "nixops-libvirtd": "nixops-libvirtd",
        "nixpkgs": "nixpkgs_2",
        "ssowat-src": "ssowat-src",
        "yunohost-admin-src": "yunohost-admin-src",
        "yunohost-src": "yunohost-src"
      }
    },
    "ssowat-src": {
      "flake": false,
      "locked": {
        "lastModified": 1592573373,
        "narHash": "sha256-ylMMEUfBw8vSwkwt6P+vWeq6X7tLNJzR9cUaUusnmQE=",
        "owner": "YunoHost",
        "repo": "SSOwat",
        "rev": "42fe39c1897766ef4e38956ba8f05371fc963228",
        "type": "github"
      },
      "original": {
        "owner": "YunoHost",
        "ref": "buster-unstable",
        "repo": "SSOwat",
        "type": "github"
      }
    },
    "utils": {
      "locked": {
        "lastModified": 1590791977,
        "narHash": "sha256-l26u9vRsdV9jkoBGlzFxTKLKtrZ38xCMZIG9h9ibFjQ=",
        "owner": "numtide",
        "repo": "flake-utils",
        "rev": "4fbce19a7a9647154a35f0e856d52171c41e14a4",
        "type": "github"
      },
      "original": {
        "owner": "numtide",
        "repo": "flake-utils",
        "type": "github"
      }
    },
    "yunohost-admin-src": {
      "flake": false,
      "locked": {
        "lastModified": 1592574093,
        "narHash": "sha256-/+yC7peu8zhDSyunuhg7XJMSrTFssK/cHNhUBkx9028=",
        "owner": "YunoHost",
        "repo": "yunohost-admin",
        "rev": "8cbcb7c1d9a3ccd967509289283fd04585ec50d5",
        "type": "github"
      },
      "original": {
        "owner": "YunoHost",
        "ref": "buster-unstable",
        "repo": "yunohost-admin",
        "type": "github"
      }
    },
    "yunohost-src": {
      "flake": false,
      "locked": {
        "lastModified": 1593089225,
        "narHash": "sha256-Mm1OhvfBiWggrbkaCvdfYZNDCYz2VKn4298Ktr17im8=",
        "owner": "YunoHost",
        "repo": "yunohost",
        "rev": "c1c1197bcfd1abee0bb82a2bcd8a8ff2e1d600de",
        "type": "github"
      },
      "original": {
        "owner": "YunoHost",
        "ref": "buster-unstable",
        "repo": "yunohost",
        "type": "github"
      }
    }
  },
  "root": "root",
  "version": 7
}
